
Microsoft Visual Studio Solution File, Format Version 12.00
# Visual Studio 15
VisualStudioVersion = 15.0.26730.16
MinimumVisualStudioVersion = 10.0.40219.1
Project("{FAE04EC0-301F-11D3-BF4B-00C04F79EFBC}") = "Com.KiddoPay.Payment.Service", "Com.KiddoPay.Payment.Service\Com.KiddoPay.Payment.Service.csproj", "{F67D97EA-C779-462B-8417-A8122E9952C9}"
EndProject
Global
	GlobalSection(SolutionConfigurationPlatforms) = preSolution
		Debug|Any CPU = Debug|Any CPU
		Release|Any CPU = Release|Any CPU
	EndGlobalSection
	GlobalSection(ProjectConfigurationPlatforms) = postSolution
		{F67D97EA-C779-462B-8417-A8122E9952C9}.Debug|Any CPU.ActiveCfg = Debug|Any CPU
		{F67D97EA-C779-462B-8417-A8122E9952C9}.Debug|Any CPU.Build.0 = Debug|Any CPU
		{F67D97EA-C779-462B-8417-A8122E9952C9}.Release|Any CPU.ActiveCfg = Release|Any CPU
		{F67D97EA-C779-462B-8417-A8122E9952C9}.Release|Any CPU.Build.0 = Release|Any CPU
	EndGlobalSection
	GlobalSection(SolutionProperties) = preSolution
		HideSolutionNode = FALSE
	EndGlobalSection
	GlobalSection(ExtensibilityGlobals) = postSolution
		SolutionGuid = {BB98C9FD-1AED-4AF4-A43A-324C70D8CC70}
	EndGlobalSection
EndGlobal
